
Microsoft Visual Studio Solution File, Format Version 12.00
# Visual Studio 14
VisualStudioVersion = 14.0.25420.1
MinimumVisualStudioVersion = 10.0.40219.1
Project("{FAE04EC0-301F-11D3-BF4B-00C04F79EFBC}") = "ZSZ.Common", "ZSZ.Common\ZSZ.Common.csproj", "{90EB6509-A608-4EA9-AF86-2D6D26504B6E}"
EndProject
Project("{FAE04EC0-301F-11D3-BF4B-00C04F79EFBC}") = "TestCode", "TestCode\TestCode.csproj", "{898ED17F-F18E-4543-825F-74DBD80E0A5A}"
EndProject
Project("{FAE04EC0-301F-11D3-BF4B-00C04F79EFBC}") = "ZSZ.Service", "ZSZ.Service\ZSZ.Service.csproj", "{B37846F0-658F-4B8E-AF72-C751C30F8D27}"
EndProject
Project("{FAE04EC0-301F-11D3-BF4B-00C04F79EFBC}") = "ZSZ.IService", "ZSZ.IService\ZSZ.IService.csproj", "{8A19ADDA-1BF3-4A8A-A48E-CF5E18BC3235}"
EndProject
Project("{FAE04EC0-301F-11D3-BF4B-00C04F79EFBC}") = "ZSZ.DTO", "ZSZ.DTO\ZSZ.DTO.csproj", "{1F6CB675-CC13-44AA-8CE1-C38E746943E2}"
EndProject
Project("{FAE04EC0-301F-11D3-BF4B-00C04F79EFBC}") = "ZSZ.WebCommon", "ZSZ.WebCommon\ZSZ.WebCommon.csproj", "{B1F4FB2F-81AF-4B0E-9A6A-DC143F5DF095}"
EndProject
Project("{FAE04EC0-301F-11D3-BF4B-00C04F79EFBC}") = "ZSZ.FrontWeb", "ZSZ.FrontWeb\ZSZ.FrontWeb.csproj", "{21883F4E-4381-4DA2-B962-55F7B99C1B9E}"
EndProject
Project("{FAE04EC0-301F-11D3-BF4B-00C04F79EFBC}") = "ZSZ.AdminWeb", "ZSZ.AdminWeb\ZSZ.AdminWeb.csproj", "{37D6928F-9DE1-4422-8367-65DD87AE137F}"
EndProject
Project("{2150E333-8FDC-42A3-9474-1A3956D46DE8}") = "test", "test", "{7F895650-225E-4FF3-BD49-107A451D054E}"
EndProject
Project("{FAE04EC0-301F-11D3-BF4B-00C04F79EFBC}") = "ServiceTest", "ServiceTest\ServiceTest.csproj", "{B5A0F233-2BA7-4D85-B0C9-F7B55BF5DA3F}"
EndProject
Project("{FAE04EC0-301F-11D3-BF4B-00C04F79EFBC}") = "qiniuTest", "qiniuTest\qiniuTest.csproj", "{274086EF-598E-4810-B7D0-581012884901}"
EndProject
Project("{FAE04EC0-301F-11D3-BF4B-00C04F79EFBC}") = "ESTest", "ESTest\ESTest.csproj", "{4F502E90-DEC0-4B8B-8075-C2C9CE893BFF}"
EndProject
Global
	GlobalSection(SolutionConfigurationPlatforms) = preSolution
		Debug|Any CPU = Debug|Any CPU
		Release|Any CPU = Release|Any CPU
	EndGlobalSection
	GlobalSection(ProjectConfigurationPlatforms) = postSolution
		{90EB6509-A608-4EA9-AF86-2D6D26504B6E}.Debug|Any CPU.ActiveCfg = Debug|Any CPU
		{90EB6509-A608-4EA9-AF86-2D6D26504B6E}.Debug|Any CPU.Build.0 = Debug|Any CPU
		{90EB6509-A608-4EA9-AF86-2D6D26504B6E}.Release|Any CPU.ActiveCfg = Release|Any CPU
		{90EB6509-A608-4EA9-AF86-2D6D26504B6E}.Release|Any CPU.Build.0 = Release|Any CPU
		{898ED17F-F18E-4543-825F-74DBD80E0A5A}.Debug|Any CPU.ActiveCfg = Debug|Any CPU
		{898ED17F-F18E-4543-825F-74DBD80E0A5A}.Debug|Any CPU.Build.0 = Debug|Any CPU
		{898ED17F-F18E-4543-825F-74DBD80E0A5A}.Release|Any CPU.ActiveCfg = Release|Any CPU
		{898ED17F-F18E-4543-825F-74DBD80E0A5A}.Release|Any CPU.Build.0 = Release|Any CPU
		{B37846F0-658F-4B8E-AF72-C751C30F8D27}.Debug|Any CPU.ActiveCfg = Debug|Any CPU
		{B37846F0-658F-4B8E-AF72-C751C30F8D27}.Debug|Any CPU.Build.0 = Debug|Any CPU
		{B37846F0-658F-4B8E-AF72-C751C30F8D27}.Release|Any CPU.ActiveCfg = Release|Any CPU
		{B37846F0-658F-4B8E-AF72-C751C30F8D27}.Release|Any CPU.Build.0 = Release|Any CPU
		{8A19ADDA-1BF3-4A8A-A48E-CF5E18BC3235}.Debug|Any CPU.ActiveCfg = Debug|Any CPU
		{8A19ADDA-1BF3-4A8A-A48E-CF5E18BC3235}.Debug|Any CPU.Build.0 = Debug|Any CPU
		{8A19ADDA-1BF3-4A8A-A48E-CF5E18BC3235}.Release|Any CPU.ActiveCfg = Release|Any CPU
		{8A19ADDA-1BF3-4A8A-A48E-CF5E18BC3235}.Release|Any CPU.Build.0 = Release|Any CPU
		{1F6CB675-CC13-44AA-8CE1-C38E746943E2}.Debug|Any CPU.ActiveCfg = Debug|Any CPU
		{1F6CB675-CC13-44AA-8CE1-C38E746943E2}.Debug|Any CPU.Build.0 = Debug|Any CPU
		{1F6CB675-CC13-44AA-8CE1-C38E746943E2}.Release|Any CPU.ActiveCfg = Release|Any CPU
		{1F6CB675-CC13-44AA-8CE1-C38E746943E2}.Release|Any CPU.Build.0 = Release|Any CPU
		{B1F4FB2F-81AF-4B0E-9A6A-DC143F5DF095}.Debug|Any CPU.ActiveCfg = Debug|Any CPU
		{B1F4FB2F-81AF-4B0E-9A6A-DC143F5DF095}.Debug|Any CPU.Build.0 = Debug|Any CPU
		{B1F4FB2F-81AF-4B0E-9A6A-DC143F5DF095}.Release|Any CPU.ActiveCfg = Release|Any CPU
		{B1F4FB2F-81AF-4B0E-9A6A-DC143F5DF095}.Release|Any CPU.Build.0 = Release|Any CPU
		{21883F4E-4381-4DA2-B962-55F7B99C1B9E}.Debug|Any CPU.ActiveCfg = Debug|Any CPU
		{21883F4E-4381-4DA2-B962-55F7B99C1B9E}.Debug|Any CPU.Build.0 = Debug|Any CPU
		{21883F4E-4381-4DA2-B962-55F7B99C1B9E}.Release|Any CPU.ActiveCfg = Release|Any CPU
		{21883F4E-4381-4DA2-B962-55F7B99C1B9E}.Release|Any CPU.Build.0 = Release|Any CPU
		{37D6928F-9DE1-4422-8367-65DD87AE137F}.Debug|Any CPU.ActiveCfg = Debug|Any CPU
		{37D6928F-9DE1-4422-8367-65DD87AE137F}.Debug|Any CPU.Build.0 = Debug|Any CPU
		{37D6928F-9DE1-4422-8367-65DD87AE137F}.Release|Any CPU.ActiveCfg = Release|Any CPU
		{37D6928F-9DE1-4422-8367-65DD87AE137F}.Release|Any CPU.Build.0 = Release|Any CPU
		{B5A0F233-2BA7-4D85-B0C9-F7B55BF5DA3F}.Debug|Any CPU.ActiveCfg = Debug|Any CPU
		{B5A0F233-2BA7-4D85-B0C9-F7B55BF5DA3F}.Debug|Any CPU.Build.0 = Debug|Any CPU
		{B5A0F233-2BA7-4D85-B0C9-F7B55BF5DA3F}.Release|Any CPU.ActiveCfg = Release|Any CPU
		{B5A0F233-2BA7-4D85-B0C9-F7B55BF5DA3F}.Release|Any CPU.Build.0 = Release|Any CPU
		{274086EF-598E-4810-B7D0-581012884901}.Debug|Any CPU.ActiveCfg = Debug|Any CPU
		{274086EF-598E-4810-B7D0-581012884901}.Debug|Any CPU.Build.0 = Debug|Any CPU
		{274086EF-598E-4810-B7D0-581012884901}.Release|Any CPU.ActiveCfg = Release|Any CPU
		{274086EF-598E-4810-B7D0-581012884901}.Release|Any CPU.Build.0 = Release|Any CPU
		{4F502E90-DEC0-4B8B-8075-C2C9CE893BFF}.Debug|Any CPU.ActiveCfg = Debug|Any CPU
		{4F502E90-DEC0-4B8B-8075-C2C9CE893BFF}.Debug|Any CPU.Build.0 = Debug|Any CPU
		{4F502E90-DEC0-4B8B-8075-C2C9CE893BFF}.Release|Any CPU.ActiveCfg = Release|Any CPU
		{4F502E90-DEC0-4B8B-8075-C2C9CE893BFF}.Release|Any CPU.Build.0 = Release|Any CPU
	EndGlobalSection
	GlobalSection(SolutionProperties) = preSolution
		HideSolutionNode = FALSE
	EndGlobalSection
	GlobalSection(NestedProjects) = preSolution
		{B5A0F233-2BA7-4D85-B0C9-F7B55BF5DA3F} = {7F895650-225E-4FF3-BD49-107A451D054E}
		{274086EF-598E-4810-B7D0-581012884901} = {7F895650-225E-4FF3-BD49-107A451D054E}
		{4F502E90-DEC0-4B8B-8075-C2C9CE893BFF} = {7F895650-225E-4FF3-BD49-107A451D054E}
	EndGlobalSection
EndGlobal
